
Microsoft Visual Studio Solution File, Format Version 12.00
# Visual Studio Version 17
VisualStudioVersion = 17.0.31903.59
MinimumVisualStudioVersion = 10.0.40219.1
Project("{2150E333-8FDC-42A3-9474-1A3956D46DE8}") = "src", "src", "{827E0CD3-B72D-47B6-A68D-7590B98EB39B}"
EndProject
Project("{FAE04EC0-301F-11D3-BF4B-00C04F79EFBC}") = "MyVoice.AI", "src\MyVoice.AI\MyVoice.AI.csproj", "{A64C8BE0-F64F-4DBD-B811-9F687CBA845D}"
EndProject
Project("{FAE04EC0-301F-11D3-BF4B-00C04F79EFBC}") = "MyVoice.App", "src\MyVoice.App\MyVoice.App.csproj", "{9C97B639-C3F5-46E1-8CA2-2BE581A59908}"
EndProject
Project("{FAE04EC0-301F-11D3-BF4B-00C04F79EFBC}") = "MyVoice.Core", "src\MyVoice.Core\MyVoice.Core.csproj", "{BC7EC968-F7B6-4412-9315-9FA4E61B3B7D}"
EndProject
Project("{FAE04EC0-301F-11D3-BF4B-00C04F79EFBC}") = "MyVoice.Audio", "src\MyVoice.Audio\MyVoice.Audio.csproj", "{9C9E14E4-48CA-40DB-BF7F-3E1FA774F97B}"
EndProject
Project("{FAE04EC0-301F-11D3-BF4B-00C04F79EFBC}") = "MyVoice.Infrastructure", "src\MyVoice.Infrastructure\MyVoice.Infrastructure.csproj", "{E5BD9848-CE4B-4253-B4A2-61DAE6DB1AA8}"
EndProject
Project("{FAE04EC0-301F-11D3-BF4B-00C04F79EFBC}") = "MyVoice.Shared", "src\MyVoice.Shared\MyVoice.Shared.csproj", "{99B72670-897B-4142-A8C4-0F752C1C711B}"
EndProject
Project("{FAE04EC0-301F-11D3-BF4B-00C04F79EFBC}") = "MyVoice.Soundboard", "src\MyVoice.Soundboard\MyVoice.Soundboard.csproj", "{34969F5A-F5CC-4EAE-8AB5-827892D7E59E}"
EndProject
Project("{FAE04EC0-301F-11D3-BF4B-00C04F79EFBC}") = "MyVoice.Updater", "src\MyVoice.Updater\MyVoice.Updater.csproj", "{505D4F74-CBD8-41E0-9FFE-8E70F43C81F6}"
EndProject
Project("{FAE04EC0-301F-11D3-BF4B-00C04F79EFBC}") = "MyVoice.Voice", "src\MyVoice.Voice\MyVoice.Voice.csproj", "{6933C08D-CBF6-4595-B409-B83B4C4522F7}"
EndProject
Project("{2150E333-8FDC-42A3-9474-1A3956D46DE8}") = "tests", "tests", "{0AB3BF05-4346-4AA6-1389-037BE0695223}"
EndProject
Project("{FAE04EC0-301F-11D3-BF4B-00C04F79EFBC}") = "MyVoice.Tests", "tests\MyVoice.Tests\MyVoice.Tests.csproj", "{4C7DB539-9D72-4B0E-887F-1FAABC472FC9}"
EndProject
Global
	GlobalSection(SolutionConfigurationPlatforms) = preSolution
		Debug|Any CPU = Debug|Any CPU
		Debug|x64 = Debug|x64
		Debug|x86 = Debug|x86
		Release|Any CPU = Release|Any CPU
		Release|x64 = Release|x64
		Release|x86 = Release|x86
	EndGlobalSection
	GlobalSection(ProjectConfigurationPlatforms) = postSolution
		{A64C8BE0-F64F-4DBD-B811-9F687CBA845D}.Debug|Any CPU.ActiveCfg = Debug|Any CPU
		{A64C8BE0-F64F-4DBD-B811-9F687CBA845D}.Debug|Any CPU.Build.0 = Debug|Any CPU
		{A64C8BE0-F64F-4DBD-B811-9F687CBA845D}.Debug|x64.ActiveCfg = Debug|Any CPU
		{A64C8BE0-F64F-4DBD-B811-9F687CBA845D}.Debug|x64.Build.0 = Debug|Any CPU
		{A64C8BE0-F64F-4DBD-B811-9F687CBA845D}.Debug|x86.ActiveCfg = Debug|Any CPU
		{A64C8BE0-F64F-4DBD-B811-9F687CBA845D}.Debug|x86.Build.0 = Debug|Any CPU
		{A64C8BE0-F64F-4DBD-B811-9F687CBA845D}.Release|Any CPU.ActiveCfg = Release|Any CPU
		{A64C8BE0-F64F-4DBD-B811-9F687CBA845D}.Release|Any CPU.Build.0 = Release|Any CPU
		{A64C8BE0-F64F-4DBD-B811-9F687CBA845D}.Release|x64.ActiveCfg = Release|Any CPU
		{A64C8BE0-F64F-4DBD-B811-9F687CBA845D}.Release|x64.Build.0 = Release|Any CPU
		{A64C8BE0-F64F-4DBD-B811-9F687CBA845D}.Release|x86.ActiveCfg = Release|Any CPU
		{A64C8BE0-F64F-4DBD-B811-9F687CBA845D}.Release|x86.Build.0 = Release|Any CPU
		{9C97B639-C3F5-46E1-8CA2-2BE581A59908}.Debug|Any CPU.ActiveCfg = Debug|Any CPU
		{9C97B639-C3F5-46E1-8CA2-2BE581A59908}.Debug|Any CPU.Build.0 = Debug|Any CPU
		{9C97B639-C3F5-46E1-8CA2-2BE581A59908}.Debug|x64.ActiveCfg = Debug|Any CPU
		{9C97B639-C3F5-46E1-8CA2-2BE581A59908}.Debug|x64.Build.0 = Debug|Any CPU
		{9C97B639-C3F5-46E1-8CA2-2BE581A59908}.Debug|x86.ActiveCfg = Debug|Any CPU
		{9C97B639-C3F5-46E1-8CA2-2BE581A59908}.Debug|x86.Build.0 = Debug|Any CPU
		{9C97B639-C3F5-46E1-8CA2-2BE581A59908}.Release|Any CPU.ActiveCfg = Release|Any CPU
		{9C97B639-C3F5-46E1-8CA2-2BE581A59908}.Release|Any CPU.Build.0 = Release|Any CPU
		{9C97B639-C3F5-46E1-8CA2-2BE581A59908}.Release|x64.ActiveCfg = Release|Any CPU
		{9C97B639-C3F5-46E1-8CA2-2BE581A59908}.Release|x64.Build.0 = Release|Any CPU
		{9C97B639-C3F5-46E1-8CA2-2BE581A59908}.Release|x86.ActiveCfg = Release|Any CPU
		{9C97B639-C3F5-46E1-8CA2-2BE581A59908}.Release|x86.Build.0 = Release|Any CPU
		{BC7EC968-F7B6-4412-9315-9FA4E61B3B7D}.Debug|Any CPU.ActiveCfg = Debug|Any CPU
		{BC7EC968-F7B6-4412-9315-9FA4E61B3B7D}.Debug|Any CPU.Build.0 = Debug|Any CPU
		{BC7EC968-F7B6-4412-9315-9FA4E61B3B7D}.Debug|x64.ActiveCfg = Debug|Any CPU
		{BC7EC968-F7B6-4412-9315-9FA4E61B3B7D}.Debug|x64.Build.0 = Debug|Any CPU
		{BC7EC968-F7B6-4412-9315-9FA4E61B3B7D}.Debug|x86.ActiveCfg = Debug|Any CPU
		{BC7EC968-F7B6-4412-9315-9FA4E61B3B7D}.Debug|x86.Build.0 = Debug|Any CPU
		{BC7EC968-F7B6-4412-9315-9FA4E61B3B7D}.Release|Any CPU.ActiveCfg = Release|Any CPU
		{BC7EC968-F7B6-4412-9315-9FA4E61B3B7D}.Release|Any CPU.Build.0 = Release|Any CPU
		{BC7EC968-F7B6-4412-9315-9FA4E61B3B7D}.Release|x64.ActiveCfg = Release|Any CPU
		{BC7EC968-F7B6-4412-9315-9FA4E61B3B7D}.Release|x64.Build.0 = Release|Any CPU
		{BC7EC968-F7B6-4412-9315-9FA4E61B3B7D}.Release|x86.ActiveCfg = Release|Any CPU
		{BC7EC968-F7B6-4412-9315-9FA4E61B3B7D}.Release|x86.Build.0 = Release|Any CPU
		{9C9E14E4-48CA-40DB-BF7F-3E1FA774F97B}.Debug|Any CPU.ActiveCfg = Debug|Any CPU
		{9C9E14E4-48CA-40DB-BF7F-3E1FA774F97B}.Debug|Any CPU.Build.0 = Debug|Any CPU
		{9C9E14E4-48CA-40DB-BF7F-3E1FA774F97B}.Debug|x64.ActiveCfg = Debug|Any CPU
		{9C9E14E4-48CA-40DB-BF7F-3E1FA774F97B}.Debug|x64.Build.0 = Debug|Any CPU
		{9C9E14E4-48CA-40DB-BF7F-3E1FA774F97B}.Debug|x86.ActiveCfg = Debug|Any CPU
		{9C9E14E4-48CA-40DB-BF7F-3E1FA774F97B}.Debug|x86.Build.0 = Debug|Any CPU
		{9C9E14E4-48CA-40DB-BF7F-3E1FA774F97B}.Release|Any CPU.ActiveCfg = Release|Any CPU
		{9C9E14E4-48CA-40DB-BF7F-3E1FA774F97B}.Release|Any CPU.Build.0 = Release|Any CPU
		{9C9E14E4-48CA-40DB-BF7F-3E1FA774F97B}.Release|x64.ActiveCfg = Release|Any CPU
		{9C9E14E4-48CA-40DB-BF7F-3E1FA774F97B}.Release|x64.Build.0 = Release|Any CPU
		{9C9E14E4-48CA-40DB-BF7F-3E1FA774F97B}.Release|x86.ActiveCfg = Release|Any CPU
		{9C9E14E4-48CA-40DB-BF7F-3E1FA774F97B}.Release|x86.Build.0 = Release|Any CPU
		{E5BD9848-CE4B-4253-B4A2-61DAE6DB1AA8}.Debug|Any CPU.ActiveCfg = Debug|Any CPU
		{E5BD9848-CE4B-4253-B4A2-61DAE6DB1AA8}.Debug|Any CPU.Build.0 = Debug|Any CPU
		{E5BD9848-CE4B-4253-B4A2-61DAE6DB1AA8}.Debug|x64.ActiveCfg = Debug|Any CPU
		{E5BD9848-CE4B-4253-B4A2-61DAE6DB1AA8}.Debug|x64.Build.0 = Debug|Any CPU
		{E5BD9848-CE4B-4253-B4A2-61DAE6DB1AA8}.Debug|x86.ActiveCfg = Debug|Any CPU
		{E5BD9848-CE4B-4253-B4A2-61DAE6DB1AA8}.Debug|x86.Build.0 = Debug|Any CPU
		{E5BD9848-CE4B-4253-B4A2-61DAE6DB1AA8}.Release|Any CPU.ActiveCfg = Release|Any CPU
		{E5BD9848-CE4B-4253-B4A2-61DAE6DB1AA8}.Release|Any CPU.Build.0 = Release|Any CPU
		{E5BD9848-CE4B-4253-B4A2-61DAE6DB1AA8}.Release|x64.ActiveCfg = Release|Any CPU
		{E5BD9848-CE4B-4253-B4A2-61DAE6DB1AA8}.Release|x64.Build.0 = Release|Any CPU
		{E5BD9848-CE4B-4253-B4A2-61DAE6DB1AA8}.Release|x86.ActiveCfg = Release|Any CPU
		{E5BD9848-CE4B-4253-B4A2-61DAE6DB1AA8}.Release|x86.Build.0 = Release|Any CPU
		{99B72670-897B-4142-A8C4-0F752C1C711B}.Debug|Any CPU.ActiveCfg = Debug|Any CPU
		{99B72670-897B-4142-A8C4-0F752C1C711B}.Debug|Any CPU.Build.0 = Debug|Any CPU
		{99B72670-897B-4142-A8C4-0F752C1C711B}.Debug|x64.ActiveCfg = Debug|Any CPU
		{99B72670-897B-4142-A8C4-0F752C1C711B}.Debug|x64.Build.0 = Debug|Any CPU
		{99B72670-897B-4142-A8C4-0F752C1C711B}.Debug|x86.ActiveCfg = Debug|Any CPU
		{99B72670-897B-4142-A8C4-0F752C1C711B}.Debug|x86.Build.0 = Debug|Any CPU
		{99B72670-897B-4142-A8C4-0F752C1C711B}.Release|Any CPU.ActiveCfg = Release|Any CPU
		{99B72670-897B-4142-A8C4-0F752C1C711B}.Release|Any CPU.Build.0 = Release|Any CPU
		{99B72670-897B-4142-A8C4-0F752C1C711B}.Release|x64.ActiveCfg = Release|Any CPU
		{99B72670-897B-4142-A8C4-0F752C1C711B}.Release|x64.Build.0 = Release|Any CPU
		{99B72670-897B-4142-A8C4-0F752C1C711B}.Release|x86.ActiveCfg = Release|Any CPU
		{99B72670-897B-4142-A8C4-0F752C1C711B}.Release|x86.Build.0 = Release|Any CPU
		{34969F5A-F5CC-4EAE-8AB5-827892D7E59E}.Debug|Any CPU.ActiveCfg = Debug|Any CPU
		{34969F5A-F5CC-4EAE-8AB5-827892D7E59E}.Debug|Any CPU.Build.0 = Debug|Any CPU
		{34969F5A-F5CC-4EAE-8AB5-827892D7E59E}.Debug|x64.ActiveCfg = Debug|Any CPU
		{34969F5A-F5CC-4EAE-8AB5-827892D7E59E}.Debug|x64.Build.0 = Debug|Any CPU
		{34969F5A-F5CC-4EAE-8AB5-827892D7E59E}.Debug|x86.ActiveCfg = Debug|Any CPU
		{34969F5A-F5CC-4EAE-8AB5-827892D7E59E}.Debug|x86.Build.0 = Debug|Any CPU
		{34969F5A-F5CC-4EAE-8AB5-827892D7E59E}.Release|Any CPU.ActiveCfg = Release|Any CPU
		{34969F5A-F5CC-4EAE-8AB5-827892D7E59E}.Release|Any CPU.Build.0 = Release|Any CPU
		{34969F5A-F5CC-4EAE-8AB5-827892D7E59E}.Release|x64.ActiveCfg = Release|Any CPU
		{34969F5A-F5CC-4EAE-8AB5-827892D7E59E}.Release|x64.Build.0 = Release|Any CPU
		{34969F5A-F5CC-4EAE-8AB5-827892D7E59E}.Release|x86.ActiveCfg = Release|Any CPU
		{34969F5A-F5CC-4EAE-8AB5-827892D7E59E}.Release|x86.Build.0 = Release|Any CPU
		{505D4F74-CBD8-41E0-9FFE-8E70F43C81F6}.Debug|Any CPU.ActiveCfg = Debug|Any CPU
		{505D4F74-CBD8-41E0-9FFE-8E70F43C81F6}.Debug|Any CPU.Build.0 = Debug|Any CPU
		{505D4F74-CBD8-41E0-9FFE-8E70F43C81F6}.Debug|x64.ActiveCfg = Debug|Any CPU
		{505D4F74-CBD8-41E0-9FFE-8E70F43C81F6}.Debug|x64.Build.0 = Debug|Any CPU
		{505D4F74-CBD8-41E0-9FFE-8E70F43C81F6}.Debug|x86.ActiveCfg = Debug|Any CPU
		{505D4F74-CBD8-41E0-9FFE-8E70F43C81F6}.Debug|x86.Build.0 = Debug|Any CPU
		{505D4F74-CBD8-41E0-9FFE-8E70F43C81F6}.Release|Any CPU.ActiveCfg = Release|Any CPU
		{505D4F74-CBD8-41E0-9FFE-8E70F43C81F6}.Release|Any CPU.Build.0 = Release|Any CPU
		{505D4F74-CBD8-41E0-9FFE-8E70F43C81F6}.Release|x64.ActiveCfg = Release|Any CPU
		{505D4F74-CBD8-41E0-9FFE-8E70F43C81F6}.Release|x64.Build.0 = Release|Any CPU
		{505D4F74-CBD8-41E0-9FFE-8E70F43C81F6}.Release|x86.ActiveCfg = Release|Any CPU
		{505D4F74-CBD8-41E0-9FFE-8E70F43C81F6}.Release|x86.Build.0 = Release|Any CPU
		{6933C08D-CBF6-4595-B409-B83B4C4522F7}.Debug|Any CPU.ActiveCfg = Debug|Any CPU
		{6933C08D-CBF6-4595-B409-B83B4C4522F7}.Debug|Any CPU.Build.0 = Debug|Any CPU
		{6933C08D-CBF6-4595-B409-B83B4C4522F7}.Debug|x64.ActiveCfg = Debug|Any CPU
		{6933C08D-CBF6-4595-B409-B83B4C4522F7}.Debug|x64.Build.0 = Debug|Any CPU
		{6933C08D-CBF6-4595-B409-B83B4C4522F7}.Debug|x86.ActiveCfg = Debug|Any CPU
		{6933C08D-CBF6-4595-B409-B83B4C4522F7}.Debug|x86.Build.0 = Debug|Any CPU
		{6933C08D-CBF6-4595-B409-B83B4C4522F7}.Release|Any CPU.ActiveCfg = Release|Any CPU
		{6933C08D-CBF6-4595-B409-B83B4C4522F7}.Release|Any CPU.Build.0 = Release|Any CPU
		{6933C08D-CBF6-4595-B409-B83B4C4522F7}.Release|x64.ActiveCfg = Release|Any CPU
		{6933C08D-CBF6-4595-B409-B83B4C4522F7}.Release|x64.Build.0 = Release|Any CPU
		{6933C08D-CBF6-4595-B409-B83B4C4522F7}.Release|x86.ActiveCfg = Release|Any CPU
		{6933C08D-CBF6-4595-B409-B83B4C4522F7}.Release|x86.Build.0 = Release|Any CPU
		{4C7DB539-9D72-4B0E-887F-1FAABC472FC9}.Debug|Any CPU.ActiveCfg = Debug|Any CPU
		{4C7DB539-9D72-4B0E-887F-1FAABC472FC9}.Debug|Any CPU.Build.0 = Debug|Any CPU
		{4C7DB539-9D72-4B0E-887F-1FAABC472FC9}.Debug|x64.ActiveCfg = Debug|Any CPU
		{4C7DB539-9D72-4B0E-887F-1FAABC472FC9}.Debug|x64.Build.0 = Debug|Any CPU
		{4C7DB539-9D72-4B0E-887F-1FAABC472FC9}.Debug|x86.ActiveCfg = Debug|Any CPU
		{4C7DB539-9D72-4B0E-887F-1FAABC472FC9}.Debug|x86.Build.0 = Debug|Any CPU
		{4C7DB539-9D72-4B0E-887F-1FAABC472FC9}.Release|Any CPU.ActiveCfg = Release|Any CPU
		{4C7DB539-9D72-4B0E-887F-1FAABC472FC9}.Release|Any CPU.Build.0 = Release|Any CPU
		{4C7DB539-9D72-4B0E-887F-1FAABC472FC9}.Release|x64.ActiveCfg = Release|Any CPU
		{4C7DB539-9D72-4B0E-887F-1FAABC472FC9}.Release|x64.Build.0 = Release|Any CPU
		{4C7DB539-9D72-4B0E-887F-1FAABC472FC9}.Release|x86.ActiveCfg = Release|Any CPU
		{4C7DB539-9D72-4B0E-887F-1FAABC472FC9}.Release|x86.Build.0 = Release|Any CPU
	EndGlobalSection
	GlobalSection(SolutionProperties) = preSolution
		HideSolutionNode = FALSE
	EndGlobalSection
	GlobalSection(NestedProjects) = preSolution
		{A64C8BE0-F64F-4DBD-B811-9F687CBA845D} = {827E0CD3-B72D-47B6-A68D-7590B98EB39B}
		{9C97B639-C3F5-46E1-8CA2-2BE581A59908} = {827E0CD3-B72D-47B6-A68D-7590B98EB39B}
		{BC7EC968-F7B6-4412-9315-9FA4E61B3B7D} = {827E0CD3-B72D-47B6-A68D-7590B98EB39B}
		{9C9E14E4-48CA-40DB-BF7F-3E1FA774F97B} = {827E0CD3-B72D-47B6-A68D-7590B98EB39B}
		{E5BD9848-CE4B-4253-B4A2-61DAE6DB1AA8} = {827E0CD3-B72D-47B6-A68D-7590B98EB39B}
		{99B72670-897B-4142-A8C4-0F752C1C711B} = {827E0CD3-B72D-47B6-A68D-7590B98EB39B}
		{34969F5A-F5CC-4EAE-8AB5-827892D7E59E} = {827E0CD3-B72D-47B6-A68D-7590B98EB39B}
		{505D4F74-CBD8-41E0-9FFE-8E70F43C81F6} = {827E0CD3-B72D-47B6-A68D-7590B98EB39B}
		{6933C08D-CBF6-4595-B409-B83B4C4522F7} = {827E0CD3-B72D-47B6-A68D-7590B98EB39B}
		{4C7DB539-9D72-4B0E-887F-1FAABC472FC9} = {0AB3BF05-4346-4AA6-1389-037BE0695223}
	EndGlobalSection
EndGlobal
